%{
  "bbmustache": {:hex, :bbmustache, "1.0.4", "7ba94f971c5afd7b6617918a4bb74705e36cab36eb84b19b6a1b7ee06427aa38", [:rebar], [], "hexpm"},
  "cache_tab": {:hex, :cache_tab, "1.0.12", "a06a4ffbd4da8469791ba941512a6a45ed8c11865b4606a368e21b332da3638a", [:rebar3], [{:p1_utils, "1.0.10", [hex: :p1_utils, repo: "hexpm", optional: false]}], "hexpm"},
  "cf": {:hex, :cf, "0.2.2", "7f2913fff90abcabd0f489896cfeb0b0674f6c8df6c10b17a83175448029896c", [:rebar3], [], "hexpm"},
  "earmark": {:hex, :earmark, "1.2.4", "99b637c62a4d65a20a9fb674b8cffb8baa771c04605a80c911c4418c69b75439", [:mix], [], "hexpm"},
  "ehyperloglog": {:git, "https://github.com/vaxelfel/eHyperLogLog", "efd14f262c663cde76d8ed48007826dabe9aca41", []},
  "eredis": {:hex, :eredis, "1.1.0", "8d8d74496f35216679b97726b75fb1c8715e99dd7f3ef9f9824a2264c3e0aac0", [:rebar3], [], "hexpm"},
  "erlware_commons": {:hex, :erlware_commons, "1.0.4", "8f215709ccb8a99bc0436405cd78a8a92b84ad08969c2b926e239cc3b08ac4dc", [:rebar3], [{:cf, "0.2.2", [hex: :cf, repo: "hexpm", optional: false]}], "hexpm"},
  "esip": {:hex, :esip, "1.0.21", "711c704337d434db6d7c70bd0da868aaacd91b252c0bb63b4580e6c896164f1f", [:rebar3], [{:fast_tls, "1.0.20", [hex: :fast_tls, repo: "hexpm", optional: false]}, {:p1_utils, "1.0.10", [hex: :p1_utils, repo: "hexpm", optional: false]}, {:stun, "1.0.20", [hex: :stun, repo: "hexpm", optional: false]}], "hexpm"},
  "ex_doc": {:hex, :ex_doc, "0.18.1", "37c69d2ef62f24928c1f4fdc7c724ea04aecfdf500c4329185f8e3649c915baf", [:mix], [{:earmark, "~> 1.1", [hex: :earmark, repo: "hexpm", optional: false]}], "hexpm"},
  "exrm": {:hex, :exrm, "1.0.8", "5aa8990cdfe300282828b02cefdc339e235f7916388ce99f9a1f926a9271a45d", [:mix], [{:relx, "~> 3.5", [hex: :relx, repo: "hexpm", optional: false]}], "hexpm"},
  "ezlib": {:hex, :ezlib, "1.0.3", "c402c839ff5eab5b8a69efd9f60885c3ab3ca2489a6758bf8a67c914297597c5", [:rebar3], [], "hexpm"},
  "fast_tls": {:hex, :fast_tls, "1.0.20", "edd241961ab20b71ec1e9f75a2a2c043128ff117adf3efd42e6cec94f1937539", [:rebar3], [{:p1_utils, "1.0.10", [hex: :p1_utils, repo: "hexpm", optional: false]}], "hexpm"},
  "fast_xml": {:hex, :fast_xml, "1.1.28", "31ce5cf44d20e900e1a499009f886ff74b589324d532ed0ed7a432e4f498beb1", [:rebar3], [{:p1_utils, "1.0.10", [hex: :p1_utils, repo: "hexpm", optional: false]}], "hexpm"},
  "fast_yaml": {:hex, :fast_yaml, "1.0.12", "ee8527d388255cf7a24fc1e6cb2d09dca4e506966dd9d86e61d3d90f236a3e2e", [:rebar3], [{:p1_utils, "1.0.10", [hex: :p1_utils, repo: "hexpm", optional: false]}], "hexpm"},
  "getopt": {:hex, :getopt, "1.0.1", "c73a9fa687b217f2ff79f68a3b637711bb1936e712b521d8ce466b29cbf7808a", [:rebar3], [], "hexpm"},
  "goldrush": {:hex, :goldrush, "0.1.9", "f06e5d5f1277da5c413e84d5a2924174182fb108dabb39d5ec548b27424cd106", [:rebar3], [], "hexpm"},
  "iconv": {:hex, :iconv, "1.0.6", "3b424a80039059767f1037dc6a49ff07c2f88df14068c16dc938c4f377a77b4c", [:rebar3], [{:p1_utils, "1.0.10", [hex: :p1_utils, repo: "hexpm", optional: false]}], "hexpm"},
  "jiffy": {:hex, :jiffy, "0.14.13", "225a9a35e26417832c611526567194b4d3adc4f0dfa5f2f7008f4684076f2a01", [:rebar3], [], "hexpm"},
  "lager": {:hex, :lager, "3.6.0", "0c5bdb1e5937eca17d7cab15dd52aa30b9eb12d48a2d9e774ef6385e48709a98", [:rebar3], [{:goldrush, "0.1.9", [hex: :goldrush, repo: "hexpm", optional: false]}], "hexpm"},
  "meck": {:hex, :meck, "0.8.9", "64c5c0bd8bcca3a180b44196265c8ed7594e16bcc845d0698ec6b4e577f48188", [:rebar3], [], "hexpm"},
  "moka": {:git, "https://github.com/processone/moka.git", "3eed3a6dd7dedb70a6cd18f86c7561a18626eb3b", [tag: "1.0.5c"]},
  "myproto": {:git, "https://github.com/bosqueviejo/myproto.git", "a5ddd9f89625bbfe2c19840806f70b9061ca33d3", [ref: "a5ddd9f89625bbfe2c19840806f70b9061ca33d3"]},
  "neotoma": {:git, "https://github.com/seancribbs/neotoma.git", "6ac6007c7713712a80096de5c7cdf5b85b01374e", [tag: "1.7.3"]},
  "p1_mysql": {:hex, :p1_mysql, "1.0.4", "7b9d7957a9d031813a0e6bcea5a7f5e91b54db805a92709a445cf75cf934bc1d", [:rebar3], [], "hexpm"},
  "p1_oauth2": {:hex, :p1_oauth2, "0.6.2", "cc381038920e3d34ef32aa10ba7eb637bdff38a946748c4fd99329ff484a3889", [:rebar3], [], "hexpm"},
  "p1_pgsql": {:hex, :p1_pgsql, "1.1.4", "eadbbddee8d52145694bf86bdfe8c1ae8353a55e152410146b8c2711756d6041", [:rebar3], [], "hexpm"},
  "p1_utils": {:hex, :p1_utils, "1.0.10", "a6d6927114bac79cf6468a10824125492034af7071adc6ed5ebc4ddb443845d4", [:rebar3], [], "hexpm"},
  "p1_xmlrpc": {:hex, :p1_xmlrpc, "1.15.1", "a382b62dc21bb372281c2488f99294d84f2b4020ed0908a1c4ad710ace3cf35a", [:rebar3], [], "hexpm"},
  "p1db": {:git, "ssh://git@git.process-one.net:7999/ebe/p1db.git", "5b88ae2b857e21db625357f8bdb3e6df93754467", [tag: "1.1.4"]},
  "providers": {:hex, :providers, "1.7.0", "bbf730563914328ec2511d205e6477a94831db7297de313b3872a2b26c562eab", [:rebar3], [{:getopt, "1.0.1", [hex: :getopt, repo: "hexpm", optional: false]}], "hexpm"},
  "ranch": {:git, "git://github.com/extend/ranch.git", "adf1822defc2b7cfdc7aca112adabfa1d614043c", [tag: "1.0.0"]},
  "relx": {:hex, :relx, "3.24.3", "a7ada05319d52791fc63bac8027f464156b52a0453ba5dd09a9386babf06af26", [:rebar3], [{:bbmustache, "1.0.4", [hex: :bbmustache, repo: "hexpm", optional: false]}, {:cf, "0.2.2", [hex: :cf, repo: "hexpm", optional: false]}, {:erlware_commons, "1.0.4", [hex: :erlware_commons, repo: "hexpm", optional: false]}, {:getopt, "1.0.1", [hex: :getopt, repo: "hexpm", optional: false]}, {:providers, "1.7.0", [hex: :providers, repo: "hexpm", optional: false]}], "hexpm"},
  "samerlib": {:git, "https://github.com/processone/samerlib", "fbbba035b1548ac4e681df00d61bf609645333a0", [tag: "0.8.0c"]},
  "sqlite3": {:hex, :sqlite3, "1.1.5", "794738b6d07b6d36ec6d42492cb9d629bad9cf3761617b8b8d728e765db19840", [:rebar3], [], "hexpm"},
  "stringprep": {:hex, :stringprep, "1.0.10", "552d784eb60652220fce9131f8bb0ebc62fdffd6482c4f08f2e7d61300227c28", [:rebar3], [{:p1_utils, "1.0.10", [hex: :p1_utils, repo: "hexpm", optional: false]}], "hexpm"},
  "stun": {:hex, :stun, "1.0.20", "6b156fa11606bebb6086d02cb2f6532c84effb59c95ba93d0e2d8e2510970253", [:rebar3], [{:fast_tls, "1.0.20", [hex: :fast_tls, repo: "hexpm", optional: false]}, {:p1_utils, "1.0.10", [hex: :p1_utils, repo: "hexpm", optional: false]}], "hexpm"},
}
