%{"bbmustache": {:hex, :bbmustache, "1.0.4", "7ba94f971c5afd7b6617918a4bb74705e36cab36eb84b19b6a1b7ee06427aa38", [:rebar], []},
  "cache_tab": {:hex, :cache_tab, "1.0.10", "dd6aba8951ba15cab4ad483d997f8eefdb0cb00225971d0629c730d107a2bed6", [:rebar3], [{:p1_utils, "1.0.9", [hex: :p1_utils, optional: false]}]},
  "cf": {:hex, :cf, "0.2.2", "7f2913fff90abcabd0f489896cfeb0b0674f6c8df6c10b17a83175448029896c", [:rebar3], []},
  "earmark": {:hex, :earmark, "1.2.3", "206eb2e2ac1a794aa5256f3982de7a76bf4579ff91cb28d0e17ea2c9491e46a4", [:mix], []},
  "ehyperloglog": {:git, "https://github.com/vaxelfel/eHyperLogLog", "efd14f262c663cde76d8ed48007826dabe9aca41", []},
  "eredis": {:hex, :eredis, "1.0.8", "ab4fda1c4ba7fbe6c19c26c249dc13da916d762502c4b4fa2df401a8d51c5364", [:rebar], []},
  "erlware_commons": {:hex, :erlware_commons, "1.0.0", "087467de5833c0bb5b3ccdd387f9e9c1fb816a75b7a709629bf24b5ed3246c51", [:rebar3], [{:cf, "0.2.2", [hex: :cf, optional: false]}]},
  "esip": {:hex, :esip, "1.0.15", "82c8b0178618c10b1ac9690841d94025c982d63f8cd6c8f8bf920cf33e301658", [:rebar3], [{:fast_tls, "1.0.15", [hex: :fast_tls, optional: false]}, {:p1_utils, "1.0.9", [hex: :p1_utils, optional: false]}, {:stun, "1.0.14", [hex: :stun, optional: false]}]},
  "ex_doc": {:hex, :ex_doc, "0.16.2", "3b3e210ebcd85a7c76b4e73f85c5640c011d2a0b2f06dcdf5acdb2ae904e5084", [:mix], [{:earmark, "~> 1.1", [hex: :earmark, optional: false]}]},
  "exrm": {:hex, :exrm, "1.0.8", "5aa8990cdfe300282828b02cefdc339e235f7916388ce99f9a1f926a9271a45d", [:mix], [{:relx, "~> 3.5", [hex: :relx, optional: false]}]},
  "ezlib": {:hex, :ezlib, "1.0.2", "22004ecf553a7d831404394d5642712e2aede90522e22bd6ccc089ca410ee098", [:rebar3], []},
  "fast_tls": {:hex, :fast_tls, "1.0.15", "96546e6a8b8384fbbcddf435c4c42cf2c0a3dc1858c3c9c2e62a74ae1ddd526a", [:rebar3], [{:p1_utils, "1.0.9", [hex: :p1_utils, optional: false]}]},
  "fast_xml": {:hex, :fast_xml, "1.1.23", "1e7b311d3353806ee832d7630fef57713987cea40a7020669cf057d537de4721", [:rebar3], [{:p1_utils, "1.0.9", [hex: :p1_utils, optional: false]}]},
  "fast_yaml": {:hex, :fast_yaml, "1.0.10", "ce5d52b77cb21968c8b73aa29b39f56a4ffd7e1e11f853d5597e7277858f155e", [:rebar3], [{:p1_utils, "1.0.9", [hex: :p1_utils, optional: false]}]},
  "getopt": {:hex, :getopt, "0.8.2", "b17556db683000ba50370b16c0619df1337e7af7ecbf7d64fbf8d1d6bce3109b", [:rebar], []},
  "goldrush": {:hex, :goldrush, "0.1.9", "f06e5d5f1277da5c413e84d5a2924174182fb108dabb39d5ec548b27424cd106", [:rebar3], []},
  "iconv": {:hex, :iconv, "1.0.5", "ae871aa11c854695db37e48fd5e5583b02e106126fbdf21bb53448f5a47c092b", [:rebar3], [{:p1_utils, "1.0.9", [hex: :p1_utils, optional: false]}]},
  "jiffy": {:hex, :jiffy, "0.14.11", "919a87d491c5a6b5e3bbc27fafedc3a0761ca0b4c405394f121f582fd4e3f0e5", [:rebar3], []},
  "lager": {:hex, :lager, "3.5.1", "63897a61af646c59bb928fee9756ce8bdd02d5a1a2f3551d4a5e38386c2cc071", [:rebar3], [{:goldrush, "0.1.9", [hex: :goldrush, optional: false]}]},
  "meck": {:hex, :meck, "0.8.7", "ebad16ca23f685b07aed3bc011efff65fbaf28881a8adf925428ef5472d390ee", [:rebar3], []},
  "moka": {:git, "https://github.com/processone/moka.git", "3eed3a6dd7dedb70a6cd18f86c7561a18626eb3b", [tag: "1.0.5c"]},
  "p1_mysql": {:hex, :p1_mysql, "1.0.3", "e2cc26f2e8d17c3885a9c2fee3ff64fcac5915896f50ab6f6aa9b0da1eed341c", [:rebar3], []},
  "p1_oauth2": {:hex, :p1_oauth2, "0.6.1", "4e021250cc198c538b097393671a41e7cebf463c248980320e038fe0316eb56b", [:rebar3], []},
  "p1_pgsql": {:hex, :p1_pgsql, "1.1.3", "ce94c83e9605c88d5f541b8f4b49edff3dc2bbacd1b6409c4cad0fbf7bef2ac4", [:rebar3], []},
  "p1_tls": {:git, "https://github.com/processone/tls", "f19e1f701e0a3980ffc70b3917c4aa85e68d8520", [tag: "1.0.0"]},
  "p1_utils": {:hex, :p1_utils, "1.0.9", "c33c230efbeb4dcc02911161e3cb1a93231a92df15e3fc97de655a9271a26d9f", [:rebar3], []},
  "p1_xmlrpc": {:hex, :p1_xmlrpc, "1.15.1", "a382b62dc21bb372281c2488f99294d84f2b4020ed0908a1c4ad710ace3cf35a", [:rebar3], []},
  "providers": {:hex, :providers, "1.6.0", "db0e2f9043ae60c0155205fcd238d68516331d0e5146155e33d1e79dc452964a", [:rebar3], [{:getopt, "0.8.2", [hex: :getopt, optional: false]}]},
  "relx": {:hex, :relx, "3.23.1", "8af4433934d9bb664e8282d2e45ac5deaff44859ddaabbe50cd7d885581cd24d", [:rebar3], [{:bbmustache, "1.0.4", [hex: :bbmustache, optional: false]}, {:cf, "0.2.2", [hex: :cf, optional: false]}, {:erlware_commons, "1.0.0", [hex: :erlware_commons, optional: false]}, {:getopt, "0.8.2", [hex: :getopt, optional: false]}, {:providers, "1.6.0", [hex: :providers, optional: false]}]},
  "samerlib": {:git, "https://github.com/processone/samerlib", "fbbba035b1548ac4e681df00d61bf609645333a0", [tag: "0.8.0c"]},
  "sqlite3": {:hex, :sqlite3, "1.1.5", "794738b6d07b6d36ec6d42492cb9d629bad9cf3761617b8b8d728e765db19840", [:rebar3], []},
  "stringprep": {:hex, :stringprep, "1.0.9", "9182ba39931cd1db528b8883cad0d63530abe2bf21835d26cec2f9af8bc00be0", [:rebar3], [{:p1_utils, "1.0.9", [hex: :p1_utils, optional: false]}]},
  "stun": {:hex, :stun, "1.0.14", "6dc2080c25a72f7087301dc7333c1ea7d27ea4d88efaa379fc2b5924f3b17006", [:rebar3], [{:fast_tls, "1.0.15", [hex: :fast_tls, optional: false]}, {:p1_utils, "1.0.9", [hex: :p1_utils, optional: false]}]}}
